
Microsoft Visual Studio Solution File, Format Version 12.00
# Visual Studio Version 17
VisualStudioVersion = 17.9.34714.143
MinimumVisualStudioVersion = 10.0.40219.1
Project("{9A19103F-16F7-4668-BE54-9A1E7A4F7556}") = "JoesPizzaPlace", "JoesPizzaPlace\JoesPizzaPlace.csproj", "{81ACAC46-7536-43C6-89A6-773547E70D7A}"
EndProject
Project("{FAE04EC0-301F-11D3-BF4B-00C04F79EFBC}") = "JoesPizzaPlaceTests", "JoesPizzaPlaceTests\JoesPizzaPlaceTests.csproj", "{6D24829D-9EA7-4D31-9C57-94FBFC46D82C}"
EndProject
Global
	GlobalSection(SolutionConfigurationPlatforms) = preSolution
		Debug|Any CPU = Debug|Any CPU
		Release|Any CPU = Release|Any CPU
	EndGlobalSection
	GlobalSection(ProjectConfigurationPlatforms) = postSolution
		{81ACAC46-7536-43C6-89A6-773547E70D7A}.Debug|Any CPU.ActiveCfg = Debug|Any CPU
		{81ACAC46-7536-43C6-89A6-773547E70D7A}.Debug|Any CPU.Build.0 = Debug|Any CPU
		{81ACAC46-7536-43C6-89A6-773547E70D7A}.Release|Any CPU.ActiveCfg = Release|Any CPU
		{81ACAC46-7536-43C6-89A6-773547E70D7A}.Release|Any CPU.Build.0 = Release|Any CPU
		{6D24829D-9EA7-4D31-9C57-94FBFC46D82C}.Debug|Any CPU.ActiveCfg = Debug|Any CPU
		{6D24829D-9EA7-4D31-9C57-94FBFC46D82C}.Debug|Any CPU.Build.0 = Debug|Any CPU
		{6D24829D-9EA7-4D31-9C57-94FBFC46D82C}.Release|Any CPU.ActiveCfg = Release|Any CPU
		{6D24829D-9EA7-4D31-9C57-94FBFC46D82C}.Release|Any CPU.Build.0 = Release|Any CPU
	EndGlobalSection
	GlobalSection(SolutionProperties) = preSolution
		HideSolutionNode = FALSE
	EndGlobalSection
	GlobalSection(ExtensibilityGlobals) = postSolution
		SolutionGuid = {9198A1DC-BE6B-4542-8E4E-233BC6E01924}
	EndGlobalSection
EndGlobal
